
Microsoft Visual Studio Solution File, Format Version 12.00
# Visual Studio Version 17
VisualStudioVersion = 17.4.33213.308
MinimumVisualStudioVersion = 10.0.40219.1
Project("{FAE04EC0-301F-11D3-BF4B-00C04F79EFBC}") = "Laboratorio07.Android", "Laboratorio07\Laboratorio07.Android\Laboratorio07.Android.csproj", "{9690E972-D444-4015-A071-30A95B7F2BB6}"
EndProject
Project("{FAE04EC0-301F-11D3-BF4B-00C04F79EFBC}") = "Laboratorio07.iOS", "Laboratorio07\Laboratorio07.iOS\Laboratorio07.iOS.csproj", "{0EFDE2E1-129D-482B-808E-F05C6F2B2679}"
EndProject
Project("{FAE04EC0-301F-11D3-BF4B-00C04F79EFBC}") = "Laboratorio07", "Laboratorio07\Laboratorio07\Laboratorio07.csproj", "{54C9DCCB-2239-4DCA-9DB1-864D375802E2}"
EndProject
Global
	GlobalSection(SolutionConfigurationPlatforms) = preSolution
		Debug|Any CPU = Debug|Any CPU
		Debug|iPhone = Debug|iPhone
		Debug|iPhoneSimulator = Debug|iPhoneSimulator
		Release|Any CPU = Release|Any CPU
		Release|iPhone = Release|iPhone
		Release|iPhoneSimulator = Release|iPhoneSimulator
	EndGlobalSection
	GlobalSection(ProjectConfigurationPlatforms) = postSolution
		{9690E972-D444-4015-A071-30A95B7F2BB6}.Debug|Any CPU.ActiveCfg = Debug|Any CPU
		{9690E972-D444-4015-A071-30A95B7F2BB6}.Debug|Any CPU.Build.0 = Debug|Any CPU
		{9690E972-D444-4015-A071-30A95B7F2BB6}.Debug|Any CPU.Deploy.0 = Debug|Any CPU
		{9690E972-D444-4015-A071-30A95B7F2BB6}.Debug|iPhone.ActiveCfg = Debug|Any CPU
		{9690E972-D444-4015-A071-30A95B7F2BB6}.Debug|iPhone.Build.0 = Debug|Any CPU
		{9690E972-D444-4015-A071-30A95B7F2BB6}.Debug|iPhone.Deploy.0 = Debug|Any CPU
		{9690E972-D444-4015-A071-30A95B7F2BB6}.Debug|iPhoneSimulator.ActiveCfg = Debug|Any CPU
		{9690E972-D444-4015-A071-30A95B7F2BB6}.Debug|iPhoneSimulator.Build.0 = Debug|Any CPU
		{9690E972-D444-4015-A071-30A95B7F2BB6}.Debug|iPhoneSimulator.Deploy.0 = Debug|Any CPU
		{9690E972-D444-4015-A071-30A95B7F2BB6}.Release|Any CPU.ActiveCfg = Release|Any CPU
		{9690E972-D444-4015-A071-30A95B7F2BB6}.Release|Any CPU.Build.0 = Release|Any CPU
		{9690E972-D444-4015-A071-30A95B7F2BB6}.Release|Any CPU.Deploy.0 = Release|Any CPU
		{9690E972-D444-4015-A071-30A95B7F2BB6}.Release|iPhone.ActiveCfg = Release|Any CPU
		{9690E972-D444-4015-A071-30A95B7F2BB6}.Release|iPhone.Build.0 = Release|Any CPU
		{9690E972-D444-4015-A071-30A95B7F2BB6}.Release|iPhone.Deploy.0 = Release|Any CPU
		{9690E972-D444-4015-A071-30A95B7F2BB6}.Release|iPhoneSimulator.ActiveCfg = Release|Any CPU
		{9690E972-D444-4015-A071-30A95B7F2BB6}.Release|iPhoneSimulator.Build.0 = Release|Any CPU
		{9690E972-D444-4015-A071-30A95B7F2BB6}.Release|iPhoneSimulator.Deploy.0 = Release|Any CPU
		{0EFDE2E1-129D-482B-808E-F05C6F2B2679}.Debug|Any CPU.ActiveCfg = Debug|iPhone
		{0EFDE2E1-129D-482B-808E-F05C6F2B2679}.Debug|Any CPU.Build.0 = Debug|iPhone
		{0EFDE2E1-129D-482B-808E-F05C6F2B2679}.Debug|Any CPU.Deploy.0 = Debug|iPhone
		{0EFDE2E1-129D-482B-808E-F05C6F2B2679}.Debug|iPhone.ActiveCfg = Debug|iPhone
		{0EFDE2E1-129D-482B-808E-F05C6F2B2679}.Debug|iPhone.Build.0 = Debug|iPhone
		{0EFDE2E1-129D-482B-808E-F05C6F2B2679}.Debug|iPhone.Deploy.0 = Debug|iPhone
		{0EFDE2E1-129D-482B-808E-F05C6F2B2679}.Debug|iPhoneSimulator.ActiveCfg = Debug|iPhoneSimulator
		{0EFDE2E1-129D-482B-808E-F05C6F2B2679}.Debug|iPhoneSimulator.Build.0 = Debug|iPhoneSimulator
		{0EFDE2E1-129D-482B-808E-F05C6F2B2679}.Debug|iPhoneSimulator.Deploy.0 = Debug|iPhoneSimulator
		{0EFDE2E1-129D-482B-808E-F05C6F2B2679}.Release|Any CPU.ActiveCfg = Release|iPhoneSimulator
		{0EFDE2E1-129D-482B-808E-F05C6F2B2679}.Release|Any CPU.Build.0 = Release|iPhoneSimulator
		{0EFDE2E1-129D-482B-808E-F05C6F2B2679}.Release|Any CPU.Deploy.0 = Release|iPhoneSimulator
		{0EFDE2E1-129D-482B-808E-F05C6F2B2679}.Release|iPhone.ActiveCfg = Release|iPhone
		{0EFDE2E1-129D-482B-808E-F05C6F2B2679}.Release|iPhone.Build.0 = Release|iPhone
		{0EFDE2E1-129D-482B-808E-F05C6F2B2679}.Release|iPhone.Deploy.0 = Release|iPhone
		{0EFDE2E1-129D-482B-808E-F05C6F2B2679}.Release|iPhoneSimulator.ActiveCfg = Release|iPhoneSimulator
		{0EFDE2E1-129D-482B-808E-F05C6F2B2679}.Release|iPhoneSimulator.Build.0 = Release|iPhoneSimulator
		{0EFDE2E1-129D-482B-808E-F05C6F2B2679}.Release|iPhoneSimulator.Deploy.0 = Release|iPhoneSimulator
		{54C9DCCB-2239-4DCA-9DB1-864D375802E2}.Debug|Any CPU.ActiveCfg = Debug|Any CPU
		{54C9DCCB-2239-4DCA-9DB1-864D375802E2}.Debug|Any CPU.Build.0 = Debug|Any CPU
		{54C9DCCB-2239-4DCA-9DB1-864D375802E2}.Debug|Any CPU.Deploy.0 = Debug|Any CPU
		{54C9DCCB-2239-4DCA-9DB1-864D375802E2}.Debug|iPhone.ActiveCfg = Debug|Any CPU
		{54C9DCCB-2239-4DCA-9DB1-864D375802E2}.Debug|iPhone.Build.0 = Debug|Any CPU
		{54C9DCCB-2239-4DCA-9DB1-864D375802E2}.Debug|iPhone.Deploy.0 = Debug|Any CPU
		{54C9DCCB-2239-4DCA-9DB1-864D375802E2}.Debug|iPhoneSimulator.ActiveCfg = Debug|Any CPU
		{54C9DCCB-2239-4DCA-9DB1-864D375802E2}.Debug|iPhoneSimulator.Build.0 = Debug|Any CPU
		{54C9DCCB-2239-4DCA-9DB1-864D375802E2}.Debug|iPhoneSimulator.Deploy.0 = Debug|Any CPU
		{54C9DCCB-2239-4DCA-9DB1-864D375802E2}.Release|Any CPU.ActiveCfg = Release|Any CPU
		{54C9DCCB-2239-4DCA-9DB1-864D375802E2}.Release|Any CPU.Build.0 = Release|Any CPU
		{54C9DCCB-2239-4DCA-9DB1-864D375802E2}.Release|Any CPU.Deploy.0 = Release|Any CPU
		{54C9DCCB-2239-4DCA-9DB1-864D375802E2}.Release|iPhone.ActiveCfg = Release|Any CPU
		{54C9DCCB-2239-4DCA-9DB1-864D375802E2}.Release|iPhone.Build.0 = Release|Any CPU
		{54C9DCCB-2239-4DCA-9DB1-864D375802E2}.Release|iPhone.Deploy.0 = Release|Any CPU
		{54C9DCCB-2239-4DCA-9DB1-864D375802E2}.Release|iPhoneSimulator.ActiveCfg = Release|Any CPU
		{54C9DCCB-2239-4DCA-9DB1-864D375802E2}.Release|iPhoneSimulator.Build.0 = Release|Any CPU
		{54C9DCCB-2239-4DCA-9DB1-864D375802E2}.Release|iPhoneSimulator.Deploy.0 = Release|Any CPU
	EndGlobalSection
	GlobalSection(SolutionProperties) = preSolution
		HideSolutionNode = FALSE
	EndGlobalSection
	GlobalSection(ExtensibilityGlobals) = postSolution
		SolutionGuid = {3BDE1AEF-7E35-416F-9A12-B4C0FFA7EA1C}
	EndGlobalSection
EndGlobal
